
Microsoft Visual Studio Solution File, Format Version 12.00
# Visual Studio Version 17
VisualStudioVersion = 17.9.34723.18
MinimumVisualStudioVersion = 10.0.40219.1
Project("{FAE04EC0-301F-11D3-BF4B-00C04F79EFBC}") = "Atv-12", "Atv-12\Atv-12.csproj", "{920B266D-5027-4C31-A42F-81D681E8EC3C}"
EndProject
Global
	GlobalSection(SolutionConfigurationPlatforms) = preSolution
		Debug|Any CPU = Debug|Any CPU
		Release|Any CPU = Release|Any CPU
	EndGlobalSection
	GlobalSection(ProjectConfigurationPlatforms) = postSolution
		{920B266D-5027-4C31-A42F-81D681E8EC3C}.Debug|Any CPU.ActiveCfg = Debug|Any CPU
		{920B266D-5027-4C31-A42F-81D681E8EC3C}.Debug|Any CPU.Build.0 = Debug|Any CPU
		{920B266D-5027-4C31-A42F-81D681E8EC3C}.Release|Any CPU.ActiveCfg = Release|Any CPU
		{920B266D-5027-4C31-A42F-81D681E8EC3C}.Release|Any CPU.Build.0 = Release|Any CPU
	EndGlobalSection
	GlobalSection(SolutionProperties) = preSolution
		HideSolutionNode = FALSE
	EndGlobalSection
	GlobalSection(ExtensibilityGlobals) = postSolution
		SolutionGuid = {F0669862-C074-44EE-8838-FE0C5949CEB6}
	EndGlobalSection
EndGlobal
