
Microsoft Visual Studio Solution File, Format Version 12.00
# Visual Studio Version 17
VisualStudioVersion = 17.9.34723.18
MinimumVisualStudioVersion = 10.0.40219.1
Project("{FAE04EC0-301F-11D3-BF4B-00C04F79EFBC}") = "Atv-16", "Atv-16\Atv-16.csproj", "{99A1E290-CDA4-433C-8588-42CCF041C258}"
EndProject
Global
	GlobalSection(SolutionConfigurationPlatforms) = preSolution
		Debug|Any CPU = Debug|Any CPU
		Release|Any CPU = Release|Any CPU
	EndGlobalSection
	GlobalSection(ProjectConfigurationPlatforms) = postSolution
		{99A1E290-CDA4-433C-8588-42CCF041C258}.Debug|Any CPU.ActiveCfg = Debug|Any CPU
		{99A1E290-CDA4-433C-8588-42CCF041C258}.Debug|Any CPU.Build.0 = Debug|Any CPU
		{99A1E290-CDA4-433C-8588-42CCF041C258}.Release|Any CPU.ActiveCfg = Release|Any CPU
		{99A1E290-CDA4-433C-8588-42CCF041C258}.Release|Any CPU.Build.0 = Release|Any CPU
	EndGlobalSection
	GlobalSection(SolutionProperties) = preSolution
		HideSolutionNode = FALSE
	EndGlobalSection
	GlobalSection(ExtensibilityGlobals) = postSolution
		SolutionGuid = {036DCB07-5360-40BE-8E77-C9D7A9B9891A}
	EndGlobalSection
EndGlobal
